{
  "requires": true,
  "lockfileVersion": 1,
  "dependencies": {
    "ev-emitter": {
      "version": "1.1.1",
      "resolved": "https://registry.npmjs.org/ev-emitter/-/ev-emitter-1.1.1.tgz",
      "integrity": "sha512-ipiDYhdQSCZ4hSbX4rMW+XzNKMD1prg/sTvoVmSLkuQ1MVlwjJQQA+sW8tMYR3BLUr9KjodFV4pvzunvRhd33Q=="
    },
    "imagesloaded": {
      "version": "4.1.4",
      "resolved": "https://registry.npmjs.org/imagesloaded/-/imagesloaded-4.1.4.tgz",
      "integrity": "sha512-ltiBVcYpc/TYTF5nolkMNsnREHW+ICvfQ3Yla2Sgr71YFwQ86bDwV9hgpFhFtrGPuwEx5+LqOHIrdXBdoWwwsA==",
      "requires": {
        "ev-emitter": "^1.0.0"
      }
    },
    "interactiveimagejs": {
      "version": "2.7.1",
      "resolved": "https://registry.npmjs.org/interactiveimagejs/-/interactiveimagejs-2.7.1.tgz",
      "integrity": "sha512-XdCfuvttCDz9hp7GwOte12BW+ZU16HYMAYOF2v3MzrwPFhYTRpX4KxwR9pMNkecK3pMIjII1KgWi0u5uF98Zwg==",
      "requires": {
        "imagesloaded": "^4.1.4"
      }
    }
  }
}
